
Microsoft Visual Studio Solution File, Format Version 12.00
# Visual Studio 15
VisualStudioVersion = 15.0.28307.421
MinimumVisualStudioVersion = 10.0.40219.1
Project("{FAE04EC0-301F-11D3-BF4B-00C04F79EFBC}") = "Party Planner", "Party Planner\Party Planner.csproj", "{EE2600EE-48DA-4C61-916B-4992234FA049}"
EndProject
Global
	GlobalSection(SolutionConfigurationPlatforms) = preSolution
		Debug|Any CPU = Debug|Any CPU
		Release|Any CPU = Release|Any CPU
	EndGlobalSection
	GlobalSection(ProjectConfigurationPlatforms) = postSolution
		{EE2600EE-48DA-4C61-916B-4992234FA049}.Debug|Any CPU.ActiveCfg = Debug|Any CPU
		{EE2600EE-48DA-4C61-916B-4992234FA049}.Debug|Any CPU.Build.0 = Debug|Any CPU
		{EE2600EE-48DA-4C61-916B-4992234FA049}.Release|Any CPU.ActiveCfg = Release|Any CPU
		{EE2600EE-48DA-4C61-916B-4992234FA049}.Release|Any CPU.Build.0 = Release|Any CPU
	EndGlobalSection
	GlobalSection(SolutionProperties) = preSolution
		HideSolutionNode = FALSE
	EndGlobalSection
	GlobalSection(ExtensibilityGlobals) = postSolution
		SolutionGuid = {17ABE68F-B02E-47FC-8FE6-AB85B1D27FAD}
	EndGlobalSection
EndGlobal
