
Microsoft Visual Studio Solution File, Format Version 12.00
# Visual Studio 15
VisualStudioVersion = 15.0.28307.168
MinimumVisualStudioVersion = 10.0.40219.1
Project("{FAE04EC0-301F-11D3-BF4B-00C04F79EFBC}") = "Time_to_start_coding", "Time_to_start_coding\Time_to_start_coding.csproj", "{EBCA79B8-9761-4F35-AE48-F38294FCDF86}"
EndProject
Global
	GlobalSection(SolutionConfigurationPlatforms) = preSolution
		Debug|Any CPU = Debug|Any CPU
		Release|Any CPU = Release|Any CPU
	EndGlobalSection
	GlobalSection(ProjectConfigurationPlatforms) = postSolution
		{EBCA79B8-9761-4F35-AE48-F38294FCDF86}.Debug|Any CPU.ActiveCfg = Debug|Any CPU
		{EBCA79B8-9761-4F35-AE48-F38294FCDF86}.Debug|Any CPU.Build.0 = Debug|Any CPU
		{EBCA79B8-9761-4F35-AE48-F38294FCDF86}.Release|Any CPU.ActiveCfg = Release|Any CPU
		{EBCA79B8-9761-4F35-AE48-F38294FCDF86}.Release|Any CPU.Build.0 = Release|Any CPU
	EndGlobalSection
	GlobalSection(SolutionProperties) = preSolution
		HideSolutionNode = FALSE
	EndGlobalSection
	GlobalSection(ExtensibilityGlobals) = postSolution
		SolutionGuid = {572F6601-7AFF-47FE-83B1-D8F880F297FE}
	EndGlobalSection
EndGlobal
